
Microsoft Visual Studio Solution File, Format Version 12.00
# Visual Studio Version 17
VisualStudioVersion = 17.0.31903.59
MinimumVisualStudioVersion = 10.0.40219.1
Project("{2150E333-8FDC-42A3-9474-1A3956D46DE8}") = "src", "src", "{70017B45-375A-466B-9F5F-10DB375F7EB6}"
EndProject
Project("{2150E333-8FDC-42A3-9474-1A3956D46DE8}") = "Contracts", "Contracts", "{B14C5D6E-7F80-4901-C2D3-E4F5A6B7C8D9}"
EndProject
Project("{FAE04EC0-301F-11D3-BF4B-00C04F79EFBC}") = "Zentra.Contracts", "src\Contracts\Zentra.Contracts.csproj", "{C25D6E7F-8091-4A02-D3E4-F5A6B7C8D9E0}"
EndProject
Project("{2150E333-8FDC-42A3-9474-1A3956D46DE8}") = "SharedKernel", "SharedKernel", "{226EBAE3-1364-4CEC-B210-25AE5F2ABE71}"
EndProject
Project("{FAE04EC0-301F-11D3-BF4B-00C04F79EFBC}") = "DomainValidation", "src\SharedKernel\DomainValidation\DomainValidation.csproj", "{DB2E5976-42D4-4EF8-83B5-E1D645502E1A}"
EndProject
Project("{2150E333-8FDC-42A3-9474-1A3956D46DE8}") = "Identity", "Identity", "{D52BE709-95B9-4E39-8BD5-A484ACA3C75F}"
EndProject
Project("{FAE04EC0-301F-11D3-BF4B-00C04F79EFBC}") = "Zentra.Domain", "src\Identity\Zentra.Identity.Domain\Zentra.Domain.csproj", "{F425B89E-A78B-4C5D-B6A2-C76986548C92}"
EndProject
Project("{FAE04EC0-301F-11D3-BF4B-00C04F79EFBC}") = "Zentra.DomainServices", "src\Identity\Zentra.Identity.DomainServices\Zentra.DomainServices.csproj", "{5A137871-FDC8-4C76-929A-3C1ECF9C1A1A}"
EndProject
Project("{FAE04EC0-301F-11D3-BF4B-00C04F79EFBC}") = "Zentra.Service.Interfaces", "src\Identity\Zentra.Identity.Contracts\Zentra.Service.Interfaces.csproj", "{6C0634DB-337B-44A3-B466-BBDE925A2705}"
EndProject
Project("{FAE04EC0-301F-11D3-BF4B-00C04F79EFBC}") = "Zentra.Service", "src\Identity\Zentra.Identity.Application\Zentra.Service.csproj", "{1567C935-3892-46BE-91B3-69BBD6AD86A7}"
EndProject
Project("{FAE04EC0-301F-11D3-BF4B-00C04F79EFBC}") = "Zentra.Infrastructure.Data", "src\Identity\Zentra.Identity.Persistence\Zentra.Infrastructure.Data.csproj", "{7A82CEFA-ED2D-4FEC-97CF-33DB50479869}"
EndProject
Project("{FAE04EC0-301F-11D3-BF4B-00C04F79EFBC}") = "Zentra.Infrastructure.Resources", "src\Identity\Zentra.Identity.Infrastructure.Resources\Zentra.Infrastructure.Resources.csproj", "{6760230C-78BF-406B-9344-C5F519720C4B}"
EndProject
Project("{FAE04EC0-301F-11D3-BF4B-00C04F79EFBC}") = "Zentra.Infrastructure.Services", "src\Identity\Zentra.Identity.Infrastructure\Zentra.Infrastructure.Services.csproj", "{C22254B3-9EAD-44B5-869A-993910FDB1EA}"
EndProject
Project("{2150E333-8FDC-42A3-9474-1A3956D46DE8}") = "Gateway", "Gateway", "{D00544FD-1002-4C0C-8BBD-F41FEE50B875}"
EndProject
Project("{FAE04EC0-301F-11D3-BF4B-00C04F79EFBC}") = "Zentra.ProxyService", "src\Gateway\Zentra.Gateway\Zentra.ProxyService.csproj", "{4F01B760-37EA-446A-A5DC-B03B53B45C8E}"
EndProject
Project("{FAE04EC0-301F-11D3-BF4B-00C04F79EFBC}") = "Zentra.Hosting", "src\Identity\Zentra.Identity.API\Zentra.Hosting.csproj", "{E6747703-57C0-437B-86EC-87D95265FAC1}"
EndProject
Project("{2150E333-8FDC-42A3-9474-1A3956D46DE8}") = "tests", "tests", "{D05447EB-23ED-4822-BFF3-FACA8CECC5B2}"
EndProject
Project("{FAE04EC0-301F-11D3-BF4B-00C04F79EFBC}") = "TestApp.Helper", "tests\Zentra.TestApp.Helper\TestApp.Helper.csproj", "{F16FC4BF-52B9-4453-9435-2B82397A1385}"
EndProject
Project("{FAE04EC0-301F-11D3-BF4B-00C04F79EFBC}") = "IntegrationTests", "tests\Zentra.IntegrationTests\IntegrationTests.csproj", "{11484DBF-5FF5-47C5-BF25-40A9514A0AF5}"
EndProject
Project("{FAE04EC0-301F-11D3-BF4B-00C04F79EFBC}") = "Zentra.UnitTests", "tests\Zentra.UnitTests\Zentra.UnitTests.csproj", "{E81F9A2B-3C4D-4E5F-A6B7-8C9D0E1F2A3B}"
EndProject
Project("{2150E333-8FDC-42A3-9474-1A3956D46DE8}") = "demos", "demos", "{4DAA44AA-F95E-4EE0-940C-D80C3F5FF42C}"
EndProject
Project("{FAE04EC0-301F-11D3-BF4B-00C04F79EFBC}") = "Zentra.DemoClientMvc", "demos\Zentra.Demo.Client.Mvc\Zentra.DemoClientMvc.csproj", "{BB9803D2-B76A-4FA0-9E09-3704CB79D66D}"
EndProject
Project("{FAE04EC0-301F-11D3-BF4B-00C04F79EFBC}") = "Zentra.DemoServerApp", "demos\Zentra.Demo.Server\Zentra.DemoServerApp.csproj", "{3B7D8486-FD1D-4CBB-B898-851ECB5FF8D5}"
EndProject
Project("{FAE04EC0-301F-11D3-BF4B-00C04F79EFBC}") = "Zentra.DemoClientWpfApp", "demos\Zentra.Demo.Client.Wpf\Zentra.DemoClientWpfApp.csproj", "{F92A3B4C-5D6E-4F70-81B2-C3D4E5F6A7B8}"
EndProject
Project("{2150E333-8FDC-42A3-9474-1A3956D46DE8}") = "installer", "installer", "{51EA52C3-BCD4-419B-9FEB-80BDD8E4C7A5}"
EndProject
Project("{FAE04EC0-301F-11D3-BF4B-00C04F79EFBC}") = "ZentraInstallerMVC", "installer\Zentra.Installer.Mvc\ZentraInstallerMVC.csproj", "{4A0D1028-0169-47E3-9A22-2F98A9F9C809}"
EndProject
Project("{FAE04EC0-301F-11D3-BF4B-00C04F79EFBC}") = "Zentra.ArchitectureTests", "tests\Zentra.ArchitectureTests\Zentra.ArchitectureTests.csproj", "{D1D291B0-5793-49F0-BD9D-3B7F7FFFC64C}"
EndProject
Global
	GlobalSection(SolutionConfigurationPlatforms) = preSolution
		Debug|Any CPU = Debug|Any CPU
		Release|Any CPU = Release|Any CPU
	EndGlobalSection
	GlobalSection(SolutionProperties) = preSolution
		HideSolutionNode = FALSE
	EndGlobalSection
	GlobalSection(ProjectConfigurationPlatforms) = postSolution
		{DB2E5976-42D4-4EF8-83B5-E1D645502E1A}.Debug|Any CPU.ActiveCfg = Debug|Any CPU
		{DB2E5976-42D4-4EF8-83B5-E1D645502E1A}.Debug|Any CPU.Build.0 = Debug|Any CPU
		{DB2E5976-42D4-4EF8-83B5-E1D645502E1A}.Release|Any CPU.ActiveCfg = Release|Any CPU
		{DB2E5976-42D4-4EF8-83B5-E1D645502E1A}.Release|Any CPU.Build.0 = Release|Any CPU
		{F425B89E-A78B-4C5D-B6A2-C76986548C92}.Debug|Any CPU.ActiveCfg = Debug|Any CPU
		{F425B89E-A78B-4C5D-B6A2-C76986548C92}.Debug|Any CPU.Build.0 = Debug|Any CPU
		{F425B89E-A78B-4C5D-B6A2-C76986548C92}.Release|Any CPU.ActiveCfg = Release|Any CPU
		{F425B89E-A78B-4C5D-B6A2-C76986548C92}.Release|Any CPU.Build.0 = Release|Any CPU
		{5A137871-FDC8-4C76-929A-3C1ECF9C1A1A}.Debug|Any CPU.ActiveCfg = Debug|Any CPU
		{5A137871-FDC8-4C76-929A-3C1ECF9C1A1A}.Debug|Any CPU.Build.0 = Debug|Any CPU
		{5A137871-FDC8-4C76-929A-3C1ECF9C1A1A}.Release|Any CPU.ActiveCfg = Release|Any CPU
		{5A137871-FDC8-4C76-929A-3C1ECF9C1A1A}.Release|Any CPU.Build.0 = Release|Any CPU
		{6C0634DB-337B-44A3-B466-BBDE925A2705}.Debug|Any CPU.ActiveCfg = Debug|Any CPU
		{6C0634DB-337B-44A3-B466-BBDE925A2705}.Debug|Any CPU.Build.0 = Debug|Any CPU
		{6C0634DB-337B-44A3-B466-BBDE925A2705}.Release|Any CPU.ActiveCfg = Release|Any CPU
		{6C0634DB-337B-44A3-B466-BBDE925A2705}.Release|Any CPU.Build.0 = Release|Any CPU
		{1567C935-3892-46BE-91B3-69BBD6AD86A7}.Debug|Any CPU.ActiveCfg = Debug|Any CPU
		{1567C935-3892-46BE-91B3-69BBD6AD86A7}.Debug|Any CPU.Build.0 = Debug|Any CPU
		{1567C935-3892-46BE-91B3-69BBD6AD86A7}.Release|Any CPU.ActiveCfg = Release|Any CPU
		{1567C935-3892-46BE-91B3-69BBD6AD86A7}.Release|Any CPU.Build.0 = Release|Any CPU
		{7A82CEFA-ED2D-4FEC-97CF-33DB50479869}.Debug|Any CPU.ActiveCfg = Debug|Any CPU
		{7A82CEFA-ED2D-4FEC-97CF-33DB50479869}.Debug|Any CPU.Build.0 = Debug|Any CPU
		{7A82CEFA-ED2D-4FEC-97CF-33DB50479869}.Release|Any CPU.ActiveCfg = Release|Any CPU
		{7A82CEFA-ED2D-4FEC-97CF-33DB50479869}.Release|Any CPU.Build.0 = Release|Any CPU
		{6760230C-78BF-406B-9344-C5F519720C4B}.Debug|Any CPU.ActiveCfg = Debug|Any CPU
		{6760230C-78BF-406B-9344-C5F519720C4B}.Debug|Any CPU.Build.0 = Debug|Any CPU
		{6760230C-78BF-406B-9344-C5F519720C4B}.Release|Any CPU.ActiveCfg = Release|Any CPU
		{6760230C-78BF-406B-9344-C5F519720C4B}.Release|Any CPU.Build.0 = Release|Any CPU
		{C22254B3-9EAD-44B5-869A-993910FDB1EA}.Debug|Any CPU.ActiveCfg = Debug|Any CPU
		{C22254B3-9EAD-44B5-869A-993910FDB1EA}.Debug|Any CPU.Build.0 = Debug|Any CPU
		{C22254B3-9EAD-44B5-869A-993910FDB1EA}.Release|Any CPU.ActiveCfg = Release|Any CPU
		{C22254B3-9EAD-44B5-869A-993910FDB1EA}.Release|Any CPU.Build.0 = Release|Any CPU
		{4F01B760-37EA-446A-A5DC-B03B53B45C8E}.Debug|Any CPU.ActiveCfg = Debug|Any CPU
		{4F01B760-37EA-446A-A5DC-B03B53B45C8E}.Debug|Any CPU.Build.0 = Debug|Any CPU
		{4F01B760-37EA-446A-A5DC-B03B53B45C8E}.Release|Any CPU.ActiveCfg = Release|Any CPU
		{4F01B760-37EA-446A-A5DC-B03B53B45C8E}.Release|Any CPU.Build.0 = Release|Any CPU
		{E6747703-57C0-437B-86EC-87D95265FAC1}.Debug|Any CPU.ActiveCfg = Debug|Any CPU
		{E6747703-57C0-437B-86EC-87D95265FAC1}.Debug|Any CPU.Build.0 = Debug|Any CPU
		{E6747703-57C0-437B-86EC-87D95265FAC1}.Release|Any CPU.ActiveCfg = Release|Any CPU
		{E6747703-57C0-437B-86EC-87D95265FAC1}.Release|Any CPU.Build.0 = Release|Any CPU
		{F16FC4BF-52B9-4453-9435-2B82397A1385}.Debug|Any CPU.ActiveCfg = Debug|Any CPU
		{F16FC4BF-52B9-4453-9435-2B82397A1385}.Debug|Any CPU.Build.0 = Debug|Any CPU
		{F16FC4BF-52B9-4453-9435-2B82397A1385}.Release|Any CPU.ActiveCfg = Release|Any CPU
		{F16FC4BF-52B9-4453-9435-2B82397A1385}.Release|Any CPU.Build.0 = Release|Any CPU
		{11484DBF-5FF5-47C5-BF25-40A9514A0AF5}.Debug|Any CPU.ActiveCfg = Debug|Any CPU
		{11484DBF-5FF5-47C5-BF25-40A9514A0AF5}.Debug|Any CPU.Build.0 = Debug|Any CPU
		{11484DBF-5FF5-47C5-BF25-40A9514A0AF5}.Release|Any CPU.ActiveCfg = Release|Any CPU
		{11484DBF-5FF5-47C5-BF25-40A9514A0AF5}.Release|Any CPU.Build.0 = Release|Any CPU
		{E81F9A2B-3C4D-4E5F-A6B7-8C9D0E1F2A3B}.Debug|Any CPU.ActiveCfg = Debug|Any CPU
		{E81F9A2B-3C4D-4E5F-A6B7-8C9D0E1F2A3B}.Debug|Any CPU.Build.0 = Debug|Any CPU
		{E81F9A2B-3C4D-4E5F-A6B7-8C9D0E1F2A3B}.Release|Any CPU.ActiveCfg = Release|Any CPU
		{E81F9A2B-3C4D-4E5F-A6B7-8C9D0E1F2A3B}.Release|Any CPU.Build.0 = Release|Any CPU
		{BB9803D2-B76A-4FA0-9E09-3704CB79D66D}.Debug|Any CPU.ActiveCfg = Debug|Any CPU
		{BB9803D2-B76A-4FA0-9E09-3704CB79D66D}.Debug|Any CPU.Build.0 = Debug|Any CPU
		{BB9803D2-B76A-4FA0-9E09-3704CB79D66D}.Release|Any CPU.ActiveCfg = Release|Any CPU
		{BB9803D2-B76A-4FA0-9E09-3704CB79D66D}.Release|Any CPU.Build.0 = Release|Any CPU
		{3B7D8486-FD1D-4CBB-B898-851ECB5FF8D5}.Debug|Any CPU.ActiveCfg = Debug|Any CPU
		{3B7D8486-FD1D-4CBB-B898-851ECB5FF8D5}.Debug|Any CPU.Build.0 = Debug|Any CPU
		{3B7D8486-FD1D-4CBB-B898-851ECB5FF8D5}.Release|Any CPU.ActiveCfg = Release|Any CPU
		{3B7D8486-FD1D-4CBB-B898-851ECB5FF8D5}.Release|Any CPU.Build.0 = Release|Any CPU
		{F92A3B4C-5D6E-4F70-81B2-C3D4E5F6A7B8}.Debug|Any CPU.ActiveCfg = Debug|Any CPU
		{F92A3B4C-5D6E-4F70-81B2-C3D4E5F6A7B8}.Debug|Any CPU.Build.0 = Debug|Any CPU
		{F92A3B4C-5D6E-4F70-81B2-C3D4E5F6A7B8}.Release|Any CPU.ActiveCfg = Release|Any CPU
		{F92A3B4C-5D6E-4F70-81B2-C3D4E5F6A7B8}.Release|Any CPU.Build.0 = Release|Any CPU
		{4A0D1028-0169-47E3-9A22-2F98A9F9C809}.Debug|Any CPU.ActiveCfg = Debug|Any CPU
		{4A0D1028-0169-47E3-9A22-2F98A9F9C809}.Debug|Any CPU.Build.0 = Debug|Any CPU
		{4A0D1028-0169-47E3-9A22-2F98A9F9C809}.Release|Any CPU.ActiveCfg = Release|Any CPU
		{4A0D1028-0169-47E3-9A22-2F98A9F9C809}.Release|Any CPU.Build.0 = Release|Any CPU
		{D1D291B0-5793-49F0-BD9D-3B7F7FFFC64C}.Debug|Any CPU.ActiveCfg = Debug|Any CPU
		{D1D291B0-5793-49F0-BD9D-3B7F7FFFC64C}.Debug|Any CPU.Build.0 = Debug|Any CPU
		{D1D291B0-5793-49F0-BD9D-3B7F7FFFC64C}.Release|Any CPU.ActiveCfg = Release|Any CPU
		{D1D291B0-5793-49F0-BD9D-3B7F7FFFC64C}.Release|Any CPU.Build.0 = Release|Any CPU
		{C25D6E7F-8091-4A02-D3E4-F5A6B7C8D9E0}.Debug|Any CPU.ActiveCfg = Debug|Any CPU
		{C25D6E7F-8091-4A02-D3E4-F5A6B7C8D9E0}.Debug|Any CPU.Build.0 = Debug|Any CPU
		{C25D6E7F-8091-4A02-D3E4-F5A6B7C8D9E0}.Release|Any CPU.ActiveCfg = Release|Any CPU
		{C25D6E7F-8091-4A02-D3E4-F5A6B7C8D9E0}.Release|Any CPU.Build.0 = Release|Any CPU
	EndGlobalSection
	GlobalSection(NestedProjects) = preSolution
		{B14C5D6E-7F80-4901-C2D3-E4F5A6B7C8D9} = {70017B45-375A-466B-9F5F-10DB375F7EB6}
		{C25D6E7F-8091-4A02-D3E4-F5A6B7C8D9E0} = {B14C5D6E-7F80-4901-C2D3-E4F5A6B7C8D9}
		{226EBAE3-1364-4CEC-B210-25AE5F2ABE71} = {70017B45-375A-466B-9F5F-10DB375F7EB6}
		{DB2E5976-42D4-4EF8-83B5-E1D645502E1A} = {226EBAE3-1364-4CEC-B210-25AE5F2ABE71}
		{D52BE709-95B9-4E39-8BD5-A484ACA3C75F} = {70017B45-375A-466B-9F5F-10DB375F7EB6}
		{F425B89E-A78B-4C5D-B6A2-C76986548C92} = {D52BE709-95B9-4E39-8BD5-A484ACA3C75F}
		{5A137871-FDC8-4C76-929A-3C1ECF9C1A1A} = {D52BE709-95B9-4E39-8BD5-A484ACA3C75F}
		{6C0634DB-337B-44A3-B466-BBDE925A2705} = {D52BE709-95B9-4E39-8BD5-A484ACA3C75F}
		{1567C935-3892-46BE-91B3-69BBD6AD86A7} = {D52BE709-95B9-4E39-8BD5-A484ACA3C75F}
		{7A82CEFA-ED2D-4FEC-97CF-33DB50479869} = {D52BE709-95B9-4E39-8BD5-A484ACA3C75F}
		{6760230C-78BF-406B-9344-C5F519720C4B} = {D52BE709-95B9-4E39-8BD5-A484ACA3C75F}
		{C22254B3-9EAD-44B5-869A-993910FDB1EA} = {D52BE709-95B9-4E39-8BD5-A484ACA3C75F}
		{D00544FD-1002-4C0C-8BBD-F41FEE50B875} = {70017B45-375A-466B-9F5F-10DB375F7EB6}
		{4F01B760-37EA-446A-A5DC-B03B53B45C8E} = {D00544FD-1002-4C0C-8BBD-F41FEE50B875}
		{E6747703-57C0-437B-86EC-87D95265FAC1} = {D52BE709-95B9-4E39-8BD5-A484ACA3C75F}
		{F16FC4BF-52B9-4453-9435-2B82397A1385} = {D05447EB-23ED-4822-BFF3-FACA8CECC5B2}
		{11484DBF-5FF5-47C5-BF25-40A9514A0AF5} = {D05447EB-23ED-4822-BFF3-FACA8CECC5B2}
		{E81F9A2B-3C4D-4E5F-A6B7-8C9D0E1F2A3B} = {D05447EB-23ED-4822-BFF3-FACA8CECC5B2}
		{BB9803D2-B76A-4FA0-9E09-3704CB79D66D} = {4DAA44AA-F95E-4EE0-940C-D80C3F5FF42C}
		{3B7D8486-FD1D-4CBB-B898-851ECB5FF8D5} = {4DAA44AA-F95E-4EE0-940C-D80C3F5FF42C}
		{F92A3B4C-5D6E-4F70-81B2-C3D4E5F6A7B8} = {4DAA44AA-F95E-4EE0-940C-D80C3F5FF42C}
		{4A0D1028-0169-47E3-9A22-2F98A9F9C809} = {51EA52C3-BCD4-419B-9FEB-80BDD8E4C7A5}
		{D1D291B0-5793-49F0-BD9D-3B7F7FFFC64C} = {D05447EB-23ED-4822-BFF3-FACA8CECC5B2}
	EndGlobalSection
EndGlobal
